
Microsoft Visual Studio Solution File, Format Version 12.00
# Visual Studio Version 16
VisualStudioVersion = 16.0.35826.135
MinimumVisualStudioVersion = 10.0.40219.1
Project("{8BC9CEB8-8B4A-11D0-8D11-00A0C91BC942}") = "exception_handling", "exception_handling\exception_handling.vcxproj", "{014587AA-5EA1-406E-9C8A-2CE7780BF813}"
EndProject
Global
	GlobalSection(SolutionConfigurationPlatforms) = preSolution
		Debug|x64 = Debug|x64
		Debug|x86 = Debug|x86
		Release|x64 = Release|x64
		Release|x86 = Release|x86
	EndGlobalSection
	GlobalSection(ProjectConfigurationPlatforms) = postSolution
		{014587AA-5EA1-406E-9C8A-2CE7780BF813}.Debug|x64.ActiveCfg = Debug|x64
		{014587AA-5EA1-406E-9C8A-2CE7780BF813}.Debug|x64.Build.0 = Debug|x64
		{014587AA-5EA1-406E-9C8A-2CE7780BF813}.Debug|x86.ActiveCfg = Debug|Win32
		{014587AA-5EA1-406E-9C8A-2CE7780BF813}.Debug|x86.Build.0 = Debug|Win32
		{014587AA-5EA1-406E-9C8A-2CE7780BF813}.Release|x64.ActiveCfg = Release|x64
		{014587AA-5EA1-406E-9C8A-2CE7780BF813}.Release|x64.Build.0 = Release|x64
		{014587AA-5EA1-406E-9C8A-2CE7780BF813}.Release|x86.ActiveCfg = Release|Win32
		{014587AA-5EA1-406E-9C8A-2CE7780BF813}.Release|x86.Build.0 = Release|Win32
	EndGlobalSection
	GlobalSection(SolutionProperties) = preSolution
		HideSolutionNode = FALSE
	EndGlobalSection
	GlobalSection(ExtensibilityGlobals) = postSolution
		SolutionGuid = {3EB6BE46-0235-45F0-849E-6C6FE4B942D1}
	EndGlobalSection
EndGlobal
