
Microsoft Visual Studio Solution File, Format Version 12.00
# Visual Studio Version 16
VisualStudioVersion = 16.0.35826.135
MinimumVisualStudioVersion = 10.0.40219.1
Project("{8BC9CEB8-8B4A-11D0-8D11-00A0C91BC942}") = "library Management", "library Management.vcxproj", "{0A0C4B30-E3A2-4CCE-938E-1ABB549A6BE4}"
EndProject
Global
	GlobalSection(SolutionConfigurationPlatforms) = preSolution
		Debug|x64 = Debug|x64
		Debug|x86 = Debug|x86
		Release|x64 = Release|x64
		Release|x86 = Release|x86
	EndGlobalSection
	GlobalSection(ProjectConfigurationPlatforms) = postSolution
		{0A0C4B30-E3A2-4CCE-938E-1ABB549A6BE4}.Debug|x64.ActiveCfg = Debug|x64
		{0A0C4B30-E3A2-4CCE-938E-1ABB549A6BE4}.Debug|x64.Build.0 = Debug|x64
		{0A0C4B30-E3A2-4CCE-938E-1ABB549A6BE4}.Debug|x86.ActiveCfg = Debug|Win32
		{0A0C4B30-E3A2-4CCE-938E-1ABB549A6BE4}.Debug|x86.Build.0 = Debug|Win32
		{0A0C4B30-E3A2-4CCE-938E-1ABB549A6BE4}.Release|x64.ActiveCfg = Release|x64
		{0A0C4B30-E3A2-4CCE-938E-1ABB549A6BE4}.Release|x64.Build.0 = Release|x64
		{0A0C4B30-E3A2-4CCE-938E-1ABB549A6BE4}.Release|x86.ActiveCfg = Release|Win32
		{0A0C4B30-E3A2-4CCE-938E-1ABB549A6BE4}.Release|x86.Build.0 = Release|Win32
	EndGlobalSection
	GlobalSection(SolutionProperties) = preSolution
		HideSolutionNode = FALSE
	EndGlobalSection
	GlobalSection(ExtensibilityGlobals) = postSolution
		SolutionGuid = {19BADD0F-DF4D-4008-A511-35A7E8235C17}
	EndGlobalSection
EndGlobal
